{
  "name": "SChainDapp",
  "version": "1.0.0",
  "lockfileVersion": 1,
  "requires": true,
  "dependencies": {
    "slate-react-system": {
      "version": "0.0.7",
      "resolved": "https://registry.npmjs.org/slate-react-system/-/slate-react-system-0.0.7.tgz",
      "integrity": "sha512-k3fd0aL5z0TNLgudc/dq8nsIPO1JCK8tqbcdz9cTqLmY6z93YSJwwIiPO5+JE6OEoeEQShY9AqoHivrnSEKQZw=="
    }
  }
}
